
Microsoft Visual Studio Solution File, Format Version 12.00
# Visual Studio 15
VisualStudioVersion = 15.0.26730.8
MinimumVisualStudioVersion = 10.0.40219.1
Project("{151D2E53-A2C4-4D7D-83FE-D05416EBD58E}") = "DeployWebApp", "DeployWebApp\DeployWebApp.deployproj", "{C21F9C62-FA34-48EF-91D2-5D9939E1BBB9}"
EndProject
Global
	GlobalSection(SolutionConfigurationPlatforms) = preSolution
		Debug|Any CPU = Debug|Any CPU
		Release|Any CPU = Release|Any CPU
	EndGlobalSection
	GlobalSection(ProjectConfigurationPlatforms) = postSolution
		{C21F9C62-FA34-48EF-91D2-5D9939E1BBB9}.Debug|Any CPU.ActiveCfg = Debug|Any CPU
		{C21F9C62-FA34-48EF-91D2-5D9939E1BBB9}.Debug|Any CPU.Build.0 = Debug|Any CPU
		{C21F9C62-FA34-48EF-91D2-5D9939E1BBB9}.Release|Any CPU.ActiveCfg = Release|Any CPU
		{C21F9C62-FA34-48EF-91D2-5D9939E1BBB9}.Release|Any CPU.Build.0 = Release|Any CPU
	EndGlobalSection
	GlobalSection(SolutionProperties) = preSolution
		HideSolutionNode = FALSE
	EndGlobalSection
	GlobalSection(ExtensibilityGlobals) = postSolution
		SolutionGuid = {F71E53A0-1531-4E10-BA9D-04D7C3F2EE83}
	EndGlobalSection
EndGlobal
